lockfileVersion: '9.0'

settings:
  autoInstallPeers: true
  excludeLinksFromLockfile: false

importers:

  .:
    devDependencies:
      oxlint:
        specifier: ^1.30.0
        version: 1.30.0(oxlint-tsgolint@0.8.3)
      oxlint-tsgolint:
        specifier: ^0.8.3
        version: 0.8.3
      typescript:
        specifier: ^5.9.3
        version: 5.9.3

  projects/api: {}

  projects/client-app: {}

  projects/core: {}

packages:

  '@oxlint-tsgolint/darwin-arm64@0.8.3':
    resolution: {integrity: sha512-BhCcCtddJyQL1fvkGmQqqLfZzJg3vRHMHz0x06juPJupo/3HQOEz46iUXlfLiW1SbcwiRSzxWRGLXM3TiVxNPg==}
    cpu: [arm64]
    os: [darwin]

  '@oxlint-tsgolint/darwin-x64@0.8.3':
    resolution: {integrity: sha512-PqA/jb+zdR31fLvQnQ1TRm/pDEmYhPUn504+UxBu8EfuYWxDeRXr7E34PphJpYwE+RlqKLfthbuYVbVaGjx6yw==}
    cpu: [x64]
    os: [darwin]

  '@oxlint-tsgolint/linux-arm64@0.8.3':
    resolution: {integrity: sha512-Dk62XzusCxnnEG82AB10LWpGq2ikdsjk9r0C9k5u8SUGfbXDID27Jbo9NCG0/ob+uG/SGdJKGAuY9rVYXO0/Mg==}
    cpu: [arm64]
    os: [linux]

  '@oxlint-tsgolint/linux-x64@0.8.3':
    resolution: {integrity: sha512-yKNhHL1r2Xl59Av8UmE0ZeA89SojTyK/ByNleFhGFhLzIvEGJHFbC7jMGHMokfnrh73tR83g8KHNEz6iP8Iw/w==}
    cpu: [x64]
    os: [linux]

  '@oxlint-tsgolint/win32-arm64@0.8.3':
    resolution: {integrity: sha512-UC2oUZ2MtaJ7jWP0kHtzx4Rkw+nTykGtncv72xKphFooKJWXi4MSQuVQ7RTsbmZa4poPYkYW1vaQayQU8Q586Q==}
    cpu: [arm64]
    os: [win32]

  '@oxlint-tsgolint/win32-x64@0.8.3':
    resolution: {integrity: sha512-EACSsZjLe7l8VYXIGZGuqrJMIZymE/zDsmaQRy1MXeuWqg4F89zKh7b7KTBCiOLpkapkHiVWGCPqkoVZ2Lyvnw==}
    cpu: [x64]
    os: [win32]

  '@oxlint/darwin-arm64@1.30.0':
    resolution: {integrity: sha512-vIiTk1FBObXHvaG3WK/SpwCZP06fuHhSrn8mK2hEs2uSFWG63WgvLAHSGhI4U1X29JGf36zhfUzuKirDIVdKBQ==}
    cpu: [arm64]
    os: [darwin]

  '@oxlint/darwin-x64@1.30.0':
    resolution: {integrity: sha512-DP4ueul8Vza52gJX1/+jyXQjUsgjmPe4Pq5uYOVa8k2V8cKRb2JzBls+DugbeP7yzKNTmlSp3J2mUnHQXuntLA==}
    cpu: [x64]
    os: [darwin]

  '@oxlint/linux-arm64-gnu@1.30.0':
    resolution: {integrity: sha512-1e9NvTvjzG6t1tnUzNU9HZTVwNwhZw2BDQxwIsXV743g54BIkvyZNNXOEGic/Jw4IuIXHzpX3ztVWZaSzvDopg==}
    cpu: [arm64]
    os: [linux]

  '@oxlint/linux-arm64-musl@1.30.0':
    resolution: {integrity: sha512-szb5RB8Tbk756/z/GAdmUn+H1E2815BbcM7s6JZYQgyCJxR0RCL1yFXgKyz3BjIDqzR98Tw8H3g4TeJbN2etAg==}
    cpu: [arm64]
    os: [linux]

  '@oxlint/linux-x64-gnu@1.30.0':
    resolution: {integrity: sha512-yOWGu4a82yA8xLusaznW41IF5ZkvBNz/U++M2/tCYAQUoJKSfJuAS5AhApRMKZLKeX0Vmdagh0YwvC+e98QG0w==}
    cpu: [x64]
    os: [linux]

  '@oxlint/linux-x64-musl@1.30.0':
    resolution: {integrity: sha512-qL1902VF4EMTZTZdJEIzzUQ+UD0IbH+IW6dhYZXbP9nTXJnItW1fk4cyJq5zfUVu1IoVwKK2FP1jUMqEsBlWTw==}
    cpu: [x64]
    os: [linux]

  '@oxlint/win32-arm64@1.30.0':
    resolution: {integrity: sha512-QK6C1djHKI7g1l5g6W9vkz9sd+sn1QJe6PbaV2sWFjVVoT0tO6LWygVWaci09ZHYVJ+lnCbbaFEgZ9jQhIs05A==}
    cpu: [arm64]
    os: [win32]

  '@oxlint/win32-x64@1.30.0':
    resolution: {integrity: sha512-tbPnJIBUKke9KpceV+DpGyfN3LdhGaEPJHSuD4/mUEwP9Kk6IKSoDNih681RVGhgvaEZg3uHmQr6n9Uh0P3Yrg==}
    cpu: [x64]
    os: [win32]

  oxlint-tsgolint@0.8.3:
    resolution: {integrity: sha512-R/pqgXPC4DRQyrODa5xyqiHZNiCcX+R96Bu3qsAMkeSJOKarL8wEszNVNlR+bx8gbWYjPDFuRnlYionTHNjFPA==}
    hasBin: true

  oxlint@1.30.0:
    resolution: {integrity: sha512-6Mcpj7Gn26QNRUpue9kRZKQg623mH10kLPl597sNCOfXeUZHTglrc2O54eskHMRA+tR7c0u73nW4GPwSFePLkA==}
    engines: {node: ^20.19.0 || >=22.12.0}
    hasBin: true
    peerDependencies:
      oxlint-tsgolint: '>=0.8.1'
    peerDependenciesMeta:
      oxlint-tsgolint:
        optional: true

  typescript@5.9.3:
    resolution: {integrity: sha512-jl1vZzPDinLr9eUt3J/t7V6FgNEw9QjvBPdysz9KfQDD41fQrC2Y4vKQdiaUpFT4bXlb1RHhLpp8wtm6M5TgSw==}
    engines: {node: '>=14.17'}
    hasBin: true

snapshots:

  '@oxlint-tsgolint/darwin-arm64@0.8.3':
    optional: true

  '@oxlint-tsgolint/darwin-x64@0.8.3':
    optional: true

  '@oxlint-tsgolint/linux-arm64@0.8.3':
    optional: true

  '@oxlint-tsgolint/linux-x64@0.8.3':
    optional: true

  '@oxlint-tsgolint/win32-arm64@0.8.3':
    optional: true

  '@oxlint-tsgolint/win32-x64@0.8.3':
    optional: true

  '@oxlint/darwin-arm64@1.30.0':
    optional: true

  '@oxlint/darwin-x64@1.30.0':
    optional: true

  '@oxlint/linux-arm64-gnu@1.30.0':
    optional: true

  '@oxlint/linux-arm64-musl@1.30.0':
    optional: true

  '@oxlint/linux-x64-gnu@1.30.0':
    optional: true

  '@oxlint/linux-x64-musl@1.30.0':
    optional: true

  '@oxlint/win32-arm64@1.30.0':
    optional: true

  '@oxlint/win32-x64@1.30.0':
    optional: true

  oxlint-tsgolint@0.8.3:
    optionalDependencies:
      '@oxlint-tsgolint/darwin-arm64': 0.8.3
      '@oxlint-tsgolint/darwin-x64': 0.8.3
      '@oxlint-tsgolint/linux-arm64': 0.8.3
      '@oxlint-tsgolint/linux-x64': 0.8.3
      '@oxlint-tsgolint/win32-arm64': 0.8.3
      '@oxlint-tsgolint/win32-x64': 0.8.3

  oxlint@1.30.0(oxlint-tsgolint@0.8.3):
    optionalDependencies:
      '@oxlint/darwin-arm64': 1.30.0
      '@oxlint/darwin-x64': 1.30.0
      '@oxlint/linux-arm64-gnu': 1.30.0
      '@oxlint/linux-arm64-musl': 1.30.0
      '@oxlint/linux-x64-gnu': 1.30.0
      '@oxlint/linux-x64-musl': 1.30.0
      '@oxlint/win32-arm64': 1.30.0
      '@oxlint/win32-x64': 1.30.0
      oxlint-tsgolint: 0.8.3

  typescript@5.9.3: {}
